// !$*UTF8*$!
{
	archiveVersion = 1;
	classes = {
	};
	objectVersion = 50;
	objects = {

/* Begin PBXBuildFile section */
		CA4F33E71AAEF72100822045 /* ViewerWindow.m in Sources */ = {isa = PBXBuildFile; fileRef = CA4F33E51AAEF72100822045 /* ViewerWindow.m */; };
		CA4F33E81AAEF72100822045 /* ViewerWindow.xib in Resources */ = {isa = PBXBuildFile; fileRef = CA4F33E61AAEF72100822045 /* ViewerWindow.xib */; };
		CA6F3A201AAE4B5600E136B0 /* AppDelegate.m in Sources */ = {isa = PBXBuildFile; fileRef = CA6F3A1F1AAE4B5600E136B0 /* AppDelegate.m */; };
		CA6F3A221AAE4B5600E136B0 /* main.m in Sources */ = {isa = PBXBuildFile; fileRef = CA6F3A211AAE4B5600E136B0 /* main.m */; };
		CA6F3A241AAE4B5600E136B0 /* Images.xcassets in Resources */ = {isa = PBXBuildFile; fileRef = CA6F3A231AAE4B5600E136B0 /* Images.xcassets */; };
		CA6F3A271AAE4B5600E136B0 /* MainMenu.xib in Resources */ = {isa = PBXBuildFile; fileRef = CA6F3A251AAE4B5600E136B0 /* MainMenu.xib */; };
		CA6F3A3D1AAE4D2000E136B0 /* rgb.txt in Resources */ = {isa = PBXBuildFile; fileRef = CA6F3A3C1AAE4D2000E136B0 /* rgb.txt */; };
		CA9FBD431D51531700112592 /* X11 Colors.help in Resources */ = {isa = PBXBuildFile; fileRef = CA9FBD421D51531700112592 /* X11 Colors.help */; };
/* End PBXBuildFile section */

/* Begin PBXFileReference section */
		CA4F33E41AAEF72100822045 /* ViewerWindow.h */ = {isa = PBXFileReference; fileEncoding = 4; lastKnownFileType = sourcecode.c.h; path = ViewerWindow.h; sourceTree = "<group>"; };
		CA4F33E51AAEF72100822045 /* ViewerWindow.m */ = {isa = PBXFileReference; fileEncoding = 4; lastKnownFileType = sourcecode.c.objc; path = ViewerWindow.m; sourceTree = "<group>"; };
		CA4F33E61AAEF72100822045 /* ViewerWindow.xib */ = {isa = PBXFileReference; fileEncoding = 4; lastKnownFileType = file.xib; path = ViewerWindow.xib; sourceTree = "<group>"; };
		CA6F3A191AAE4B5600E136B0 /* X11 Colors.app */ = {isa = PBXFileReference; explicitFileType = wrapper.application; includeInIndex = 0; path = "X11 Colors.app"; sourceTree = BUILT_PRODUCTS_DIR; };
		CA6F3A1D1AAE4B5600E136B0 /* Info.plist */ = {isa = PBXFileReference; lastKnownFileType = text.plist.xml; path = Info.plist; sourceTree = "<group>"; };
		CA6F3A1E1AAE4B5600E136B0 /* AppDelegate.h */ = {isa = PBXFileReference; lastKnownFileType = sourcecode.c.h; path = AppDelegate.h; sourceTree = "<group>"; };
		CA6F3A1F1AAE4B5600E136B0 /* AppDelegate.m */ = {isa = PBXFileReference; lastKnownFileType = sourcecode.c.objc; path = AppDelegate.m; sourceTree = "<group>"; };
		CA6F3A211AAE4B5600E136B0 /* main.m */ = {isa = PBXFileReference; lastKnownFileType = sourcecode.c.objc; path = main.m; sourceTree = "<group>"; };
		CA6F3A231AAE4B5600E136B0 /* Images.xcassets */ = {isa = PBXFileReference; lastKnownFileType = folder.assetcatalog; path = Images.xcassets; sourceTree = "<group>"; };
		CA6F3A261AAE4B5600E136B0 /* Base */ = {isa = PBXFileReference; lastKnownFileType = file.xib; name = Base; path = Base.lproj/MainMenu.xib; sourceTree = "<group>"; };
		CA6F3A3C1AAE4D2000E136B0 /* rgb.txt */ = {isa = PBXFileReference; fileEncoding = 4; lastKnownFileType = text; path = rgb.txt; sourceTree = "<group>"; };
		CA9FBD421D51531700112592 /* X11 Colors.help */ = {isa = PBXFileReference; lastKnownFileType = folder; path = "X11 Colors.help"; sourceTree = "<group>"; };
/* End PBXFileReference section */

/* Begin PBXFrameworksBuildPhase section */
		CA6F3A161AAE4B5600E136B0 /* Frameworks */ = {
			isa = PBXFrameworksBuildPhase;
			buildActionMask = 2147483647;
			files = (
			);
			runOnlyForDeploymentPostprocessing = 0;
		};
/* End PBXFrameworksBuildPhase section */

/* Begin PBXGroup section */
		CA6F3A101AAE4B5500E136B0 = {
			isa = PBXGroup;
			children = (
				CA6F3A1B1AAE4B5600E136B0 /* X11 Colors */,
				CA6F3A1A1AAE4B5600E136B0 /* Products */,
			);
			sourceTree = "<group>";
		};
		CA6F3A1A1AAE4B5600E136B0 /* Products */ = {
			isa = PBXGroup;
			children = (
				CA6F3A191AAE4B5600E136B0 /* X11 Colors.app */,
			);
			name = Products;
			sourceTree = "<group>";
		};
		CA6F3A1B1AAE4B5600E136B0 /* X11 Colors */ = {
			isa = PBXGroup;
			children = (
				CA9FBD421D51531700112592 /* X11 Colors.help */,
				CA6F3A1E1AAE4B5600E136B0 /* AppDelegate.h */,
				CA6F3A1F1AAE4B5600E136B0 /* AppDelegate.m */,
				CA4F33E41AAEF72100822045 /* ViewerWindow.h */,
				CA4F33E51AAEF72100822045 /* ViewerWindow.m */,
				CA4F33E61AAEF72100822045 /* ViewerWindow.xib */,
				CA6F3A231AAE4B5600E136B0 /* Images.xcassets */,
				CA6F3A251AAE4B5600E136B0 /* MainMenu.xib */,
				CA6F3A1C1AAE4B5600E136B0 /* Supporting Files */,
			);
			path = "X11 Colors";
			sourceTree = "<group>";
		};
		CA6F3A1C1AAE4B5600E136B0 /* Supporting Files */ = {
			isa = PBXGroup;
			children = (
				CA6F3A3C1AAE4D2000E136B0 /* rgb.txt */,
				CA6F3A1D1AAE4B5600E136B0 /* Info.plist */,
				CA6F3A211AAE4B5600E136B0 /* main.m */,
			);
			name = "Supporting Files";
			sourceTree = "<group>";
		};
/* End PBXGroup section */

/* Begin PBXNativeTarget section */
		CA6F3A181AAE4B5600E136B0 /* X11 Colors */ = {
			isa = PBXNativeTarget;
			buildConfigurationList = CA6F3A361AAE4B5600E136B0 /* Build configuration list for PBXNativeTarget "X11 Colors" */;
			buildPhases = (
				CA6F3A151AAE4B5600E136B0 /* Sources */,
				CA6F3A161AAE4B5600E136B0 /* Frameworks */,
				CA6F3A171AAE4B5600E136B0 /* Resources */,
			);
			buildRules = (
			);
			dependencies = (
			);
			name = "X11 Colors";
			productName = "X11 Colors";
			productReference = CA6F3A191AAE4B5600E136B0 /* X11 Colors.app */;
			productType = "com.apple.product-type.application";
		};
/* End PBXNativeTarget section */

/* Begin PBXProject section */
		CA6F3A111AAE4B5500E136B0 /* Project object */ = {
			isa = PBXProject;
			attributes = {
				LastUpgradeCheck = 1010;
				ORGANIZATIONNAME = "Loren Petrich";
				TargetAttributes = {
					CA6F3A181AAE4B5600E136B0 = {
						CreatedOnToolsVersion = 6.1.1;
					};
				};
			};
			buildConfigurationList = CA6F3A141AAE4B5500E136B0 /* Build configuration list for PBXProject "X11 Colors" */;
			compatibilityVersion = "Xcode 9.3";
			developmentRegion = English;
			hasScannedForEncodings = 0;
			knownRegions = (
				en,
				Base,
			);
			mainGroup = CA6F3A101AAE4B5500E136B0;
			productRefGroup = CA6F3A1A1AAE4B5600E136B0 /* Products */;
			projectDirPath = "";
			projectRoot = "";
			targets = (
				CA6F3A181AAE4B5600E136B0 /* X11 Colors */,
			);
		};
/* End PBXProject section */

/* Begin PBXResourcesBuildPhase section */
		CA6F3A171AAE4B5600E136B0 /* Resources */ = {
			isa = PBXResourcesBuildPhase;
			buildActionMask = 2147483647;
			files = (
				CA6F3A3D1AAE4D2000E136B0 /* rgb.txt in Resources */,
				CA9FBD431D51531700112592 /* X11 Colors.help in Resources */,
				CA6F3A241AAE4B5600E136B0 /* Images.xcassets in Resources */,
				CA6F3A271AAE4B5600E136B0 /* MainMenu.xib in Resources */,
				CA4F33E81AAEF72100822045 /* ViewerWindow.xib in Resources */,
			);
			runOnlyForDeploymentPostprocessing = 0;
		};
/* End PBXResourcesBuildPhase section */

/* Begin PBXSourcesBuildPhase section */
		CA6F3A151AAE4B5600E136B0 /* Sources */ = {
			isa = PBXSourcesBuildPhase;
			buildActionMask = 2147483647;
			files = (
				CA6F3A221AAE4B5600E136B0 /* main.m in Sources */,
				CA6F3A201AAE4B5600E136B0 /* AppDelegate.m in Sources */,
				CA4F33E71AAEF72100822045 /* ViewerWindow.m in Sources */,
			);
			runOnlyForDeploymentPostprocessing = 0;
		};
/* End PBXSourcesBuildPhase section */

/* Begin PBXVariantGroup section */
		CA6F3A251AAE4B5600E136B0 /* MainMenu.xib */ = {
			isa = PBXVariantGroup;
			children = (
				CA6F3A261AAE4B5600E136B0 /* Base */,
			);
			name = MainMenu.xib;
			sourceTree = "<group>";
		};
/* End PBXVariantGroup section */

/* Begin XCBuildConfiguration section */
		CA6F3A341AAE4B5600E136B0 /* Debug */ = {
			isa = XCBuildConfiguration;
			buildSettings = {
				ALWAYS_SEARCH_USER_PATHS = NO;
				CLANG_CXX_LANGUAGE_STANDARD = "gnu++0x";
				CLANG_CXX_LIBRARY = "libc++";
				CLANG_ENABLE_MODULES = YES;
				CLANG_ENABLE_OBJC_ARC = YES;
				CLANG_WARN_BLOCK_CAPTURE_AUTORELEASING = YES;
				CLANG_WARN_BOOL_CONVERSION = YES;
				CLANG_WARN_COMMA = YES;
				CLANG_WARN_CONSTANT_CONVERSION = YES;
				CLANG_WARN_DEPRECATED_OBJC_IMPLEMENTATIONS = YES;
				CLANG_WARN_DIRECT_OBJC_ISA_USAGE = YES_ERROR;
				CLANG_WARN_EMPTY_BODY = YES;
				CLANG_WARN_ENUM_CONVERSION = YES;
				CLANG_WARN_INFINITE_RECURSION = YES;
				CLANG_WARN_INT_CONVERSION = YES;
				CLANG_WARN_NON_LITERAL_NULL_CONVERSION = YES;
				CLANG_WARN_OBJC_IMPLICIT_RETAIN_SELF = YES;
				CLANG_WARN_OBJC_LITERAL_CONVERSION = YES;
				CLANG_WARN_OBJC_ROOT_CLASS = YES_ERROR;
				CLANG_WARN_RANGE_LOOP_ANALYSIS = YES;
				CLANG_WARN_STRICT_PROTOTYPES = YES;
				CLANG_WARN_SUSPICIOUS_MOVE = YES;
				CLANG_WARN_UNREACHABLE_CODE = YES;
				CLANG_WARN__DUPLICATE_METHOD_MATCH = YES;
				CODE_SIGN_IDENTITY = "-";
				COPY_PHASE_STRIP = NO;
				DEBUG_INFORMATION_FORMAT = dwarf;
				ENABLE_STRICT_OBJC_MSGSEND = YES;
				ENABLE_TESTABILITY = YES;
				GCC_C_LANGUAGE_STANDARD = gnu99;
				GCC_DYNAMIC_NO_PIC = NO;
				GCC_NO_COMMON_BLOCKS = YES;
				GCC_OPTIMIZATION_LEVEL = 0;
				GCC_PREPROCESSOR_DEFINITIONS = (
					"DEBUG=1",
					"$(inherited)",
				);
				GCC_SYMBOLS_PRIVATE_EXTERN = NO;
				GCC_WARN_64_TO_32_BIT_CONVERSION = YES;
				GCC_WARN_ABOUT_RETURN_TYPE = YES_ERROR;
				GCC_WARN_UNDECLARED_SELECTOR = YES;
				GCC_WARN_UNINITIALIZED_AUTOS = YES_AGGRESSIVE;
				GCC_WARN_UNUSED_FUNCTION = YES;
				GCC_WARN_UNUSED_VARIABLE = YES;
				MACOSX_DEPLOYMENT_TARGET = 10.10;
				MTL_ENABLE_DEBUG_INFO = YES;
				ONLY_ACTIVE_ARCH = YES;
				SDKROOT = macosx;
			};
			name = Debug;
		};
		CA6F3A351AAE4B5600E136B0 /* Release */ = {
			isa = XCBuildConfiguration;
			buildSettings = {
				ALWAYS_SEARCH_USER_PATHS = NO;
				CLANG_CXX_LANGUAGE_STANDARD = "gnu++0x";
				CLANG_CXX_LIBRARY = "libc++";
				CLANG_ENABLE_MODULES = YES;
				CLANG_ENABLE_OBJC_ARC = YES;
				CLANG_WARN_BLOCK_CAPTURE_AUTORELEASING = YES;
				CLANG_WARN_BOOL_CONVERSION = YES;
				CLANG_WARN_COMMA = YES;
				CLANG_WARN_CONSTANT_CONVERSION = YES;
				CLANG_WARN_DEPRECATED_OBJC_IMPLEMENTATIONS = YES;
				CLANG_WARN_DIRECT_OBJC_ISA_USAGE = YES_ERROR;
				CLANG_WARN_EMPTY_BODY = YES;
				CLANG_WARN_ENUM_CONVERSION = YES;
				CLANG_WARN_INFINITE_RECURSION = YES;
				CLANG_WARN_INT_CONVERSION = YES;
				CLANG_WARN_NON_LITERAL_NULL_CONVERSION = YES;
				CLANG_WARN_OBJC_IMPLICIT_RETAIN_SELF = YES;
				CLANG_WARN_OBJC_LITERAL_CONVERSION = YES;
				CLANG_WARN_OBJC_ROOT_CLASS = YES_ERROR;
				CLANG_WARN_RANGE_LOOP_ANALYSIS = YES;
				CLANG_WARN_STRICT_PROTOTYPES = YES;
				CLANG_WARN_SUSPICIOUS_MOVE = YES;
				CLANG_WARN_UNREACHABLE_CODE = YES;
				CLANG_WARN__DUPLICATE_METHOD_MATCH = YES;
				CODE_SIGN_IDENTITY = "-";
				COPY_PHASE_STRIP = NO;
				DEBUG_INFORMATION_FORMAT = "dwarf-with-dsym";
				ENABLE_NS_ASSERTIONS = NO;
				ENABLE_STRICT_OBJC_MSGSEND = YES;
				GCC_C_LANGUAGE_STANDARD = gnu99;
				GCC_NO_COMMON_BLOCKS = YES;
				GCC_WARN_64_TO_32_BIT_CONVERSION = YES;
				GCC_WARN_ABOUT_RETURN_TYPE = YES_ERROR;
				GCC_WARN_UNDECLARED_SELECTOR = YES;
				GCC_WARN_UNINITIALIZED_AUTOS = YES_AGGRESSIVE;
				GCC_WARN_UNUSED_FUNCTION = YES;
				GCC_WARN_UNUSED_VARIABLE = YES;
				MACOSX_DEPLOYMENT_TARGET = 10.10;
				MTL_ENABLE_DEBUG_INFO = NO;
				ONLY_ACTIVE_ARCH = NO;
				SDKROOT = macosx;
			};
			name = Release;
		};
		CA6F3A371AAE4B5600E136B0 /* Debug */ = {
			isa = XCBuildConfiguration;
			buildSettings = {
				ASSETCATALOG_COMPILER_APPICON_NAME = AppIcon;
				COMBINE_HIDPI_IMAGES = YES;
				INFOPLIST_FILE = "X11 Colors/Info.plist";
				LD_RUNPATH_SEARCH_PATHS = (
					"$(inherited)",
					"@executable_path/../Frameworks",
				);
				PRODUCT_BUNDLE_IDENTIFIER = "com.lpetrich.$(PRODUCT_NAME:rfc1034identifier)";
				PRODUCT_NAME = "$(TARGET_NAME)";
			};
			name = Debug;
		};
		CA6F3A381AAE4B5600E136B0 /* Release */ = {
			isa = XCBuildConfiguration;
			buildSettings = {
				ASSETCATALOG_COMPILER_APPICON_NAME = AppIcon;
				COMBINE_HIDPI_IMAGES = YES;
				INFOPLIST_FILE = "X11 Colors/Info.plist";
				LD_RUNPATH_SEARCH_PATHS = (
					"$(inherited)",
					"@executable_path/../Frameworks",
				);
				PRODUCT_BUNDLE_IDENTIFIER = "com.lpetrich.$(PRODUCT_NAME:rfc1034identifier)";
				PRODUCT_NAME = "$(TARGET_NAME)";
			};
			name = Release;
		};
/* End XCBuildConfiguration section */

/* Begin XCConfigurationList section */
		CA6F3A141AAE4B5500E136B0 /* Build configuration list for PBXProject "X11 Colors" */ = {
			isa = XCConfigurationList;
			buildConfigurations = (
				CA6F3A341AAE4B5600E136B0 /* Debug */,
				CA6F3A351AAE4B5600E136B0 /* Release */,
			);
			defaultConfigurationIsVisible = 0;
			defaultConfigurationName = Release;
		};
		CA6F3A361AAE4B5600E136B0 /* Build configuration list for PBXNativeTarget "X11 Colors" */ = {
			isa = XCConfigurationList;
			buildConfigurations = (
				CA6F3A371AAE4B5600E136B0 /* Debug */,
				CA6F3A381AAE4B5600E136B0 /* Release */,
			);
			defaultConfigurationIsVisible = 0;
			defaultConfigurationName = Release;
		};
/* End XCConfigurationList section */
	};
	rootObject = CA6F3A111AAE4B5500E136B0 /* Project object */;
}
